
Microsoft Visual Studio Solution File, Format Version 12.00
# Visual Studio Version 17
VisualStudioVersion = 17.1.32414.318
MinimumVisualStudioVersion = 10.0.40219.1
Project("{9A19103F-16F7-4668-BE54-9A1E7A4F7556}") = "GitFlowConsoleApp", "GitFlowConsoleApp\GitFlowConsoleApp.csproj", "{A19710D6-8A4F-4EDC-B5CD-9352FD72FF5A}"
	ProjectSection(ProjectDependencies) = postProject
		{70E6DC25-3D97-4D5D-8B85-395C9A763092} = {70E6DC25-3D97-4D5D-8B85-395C9A763092}
	EndProjectSection
EndProject
Project("{9A19103F-16F7-4668-BE54-9A1E7A4F7556}") = "Domain", "Domain\Domain.csproj", "{70E6DC25-3D97-4D5D-8B85-395C9A763092}"
EndProject
Project("{9A19103F-16F7-4668-BE54-9A1E7A4F7556}") = "Domain.Test", "Domain.Test\Domain.Test.csproj", "{5BA5543C-B375-4BD1-81F2-BDE5405435F0}"
	ProjectSection(ProjectDependencies) = postProject
		{70E6DC25-3D97-4D5D-8B85-395C9A763092} = {70E6DC25-3D97-4D5D-8B85-395C9A763092}
	EndProjectSection
EndProject
Global
	GlobalSection(SolutionConfigurationPlatforms) = preSolution
		Debug|Any CPU = Debug|Any CPU
		Release|Any CPU = Release|Any CPU
	EndGlobalSection
	GlobalSection(ProjectConfigurationPlatforms) = postSolution
		{A19710D6-8A4F-4EDC-B5CD-9352FD72FF5A}.Debug|Any CPU.ActiveCfg = Debug|Any CPU
		{A19710D6-8A4F-4EDC-B5CD-9352FD72FF5A}.Debug|Any CPU.Build.0 = Debug|Any CPU
		{A19710D6-8A4F-4EDC-B5CD-9352FD72FF5A}.Release|Any CPU.ActiveCfg = Release|Any CPU
		{A19710D6-8A4F-4EDC-B5CD-9352FD72FF5A}.Release|Any CPU.Build.0 = Release|Any CPU
		{70E6DC25-3D97-4D5D-8B85-395C9A763092}.Debug|Any CPU.ActiveCfg = Debug|Any CPU
		{70E6DC25-3D97-4D5D-8B85-395C9A763092}.Debug|Any CPU.Build.0 = Debug|Any CPU
		{70E6DC25-3D97-4D5D-8B85-395C9A763092}.Release|Any CPU.ActiveCfg = Release|Any CPU
		{70E6DC25-3D97-4D5D-8B85-395C9A763092}.Release|Any CPU.Build.0 = Release|Any CPU
		{5BA5543C-B375-4BD1-81F2-BDE5405435F0}.Debug|Any CPU.ActiveCfg = Debug|Any CPU
		{5BA5543C-B375-4BD1-81F2-BDE5405435F0}.Debug|Any CPU.Build.0 = Debug|Any CPU
		{5BA5543C-B375-4BD1-81F2-BDE5405435F0}.Release|Any CPU.ActiveCfg = Release|Any CPU
		{5BA5543C-B375-4BD1-81F2-BDE5405435F0}.Release|Any CPU.Build.0 = Release|Any CPU
	EndGlobalSection
	GlobalSection(SolutionProperties) = preSolution
		HideSolutionNode = FALSE
	EndGlobalSection
	GlobalSection(ExtensibilityGlobals) = postSolution
		SolutionGuid = {55DB1D76-7B1B-497A-A79E-6C44E8ED19EE}
	EndGlobalSection
EndGlobal
